
Microsoft Visual Studio Solution File, Format Version 12.00
# Visual Studio Version 16
VisualStudioVersion = 16.0.30711.63
MinimumVisualStudioVersion = 10.0.40219.1
Project("{FAE04EC0-301F-11D3-BF4B-00C04F79EFBC}") = "4thYearProjectDataBaseAPI", "4thYearProjectDataBaseAPI\4thYearProjectDataBaseAPI.csproj", "{00CB5ED7-B382-4BD0-81A1-B0D01594D8E4}"
EndProject
Global
	GlobalSection(SolutionConfigurationPlatforms) = preSolution
		Debug|Any CPU = Debug|Any CPU
		Release|Any CPU = Release|Any CPU
	EndGlobalSection
	GlobalSection(ProjectConfigurationPlatforms) = postSolution
		{00CB5ED7-B382-4BD0-81A1-B0D01594D8E4}.Debug|Any CPU.ActiveCfg = Debug|Any CPU
		{00CB5ED7-B382-4BD0-81A1-B0D01594D8E4}.Debug|Any CPU.Build.0 = Debug|Any CPU
		{00CB5ED7-B382-4BD0-81A1-B0D01594D8E4}.Release|Any CPU.ActiveCfg = Release|Any CPU
		{00CB5ED7-B382-4BD0-81A1-B0D01594D8E4}.Release|Any CPU.Build.0 = Release|Any CPU
	EndGlobalSection
	GlobalSection(SolutionProperties) = preSolution
		HideSolutionNode = FALSE
	EndGlobalSection
	GlobalSection(ExtensibilityGlobals) = postSolution
		SolutionGuid = {2EBA9823-F213-4A6B-80A4-6B6C450A6DFB}
	EndGlobalSection
EndGlobal
